// !$*UTF8*$!
{
	archiveVersion = 1;
	classes = {
	};
	objectVersion = 46;
	objects = {

/* Begin PBXBuildFile section */
		BFA1EEBA181ECD46000D3F45 /* Foundation.framework in Frameworks */ = {isa = PBXBuildFile; fileRef = BFA1EEB9181ECD46000D3F45 /* Foundation.framework */; };
		BFA1EEBC181ECD46000D3F45 /* CoreGraphics.framework in Frameworks */ = {isa = PBXBuildFile; fileRef = BFA1EEBB181ECD46000D3F45 /* CoreGraphics.framework */; };
		BFA1EEBE181ECD46000D3F45 /* UIKit.framework in Frameworks */ = {isa = PBXBuildFile; fileRef = BFA1EEBD181ECD46000D3F45 /* UIKit.framework */; };
		BFA1EEC4181ECD46000D3F45 /* InfoPlist.strings in Resources */ = {isa = PBXBuildFile; fileRef = BFA1EEC2181ECD46000D3F45 /* InfoPlist.strings */; };
		BFA1EEC6181ECD46000D3F45 /* main.m in Sources */ = {isa = PBXBuildFile; fileRef = BFA1EEC5181ECD46000D3F45 /* main.m */; };
		BFA1EECA181ECD46000D3F45 /* ASAppDelegate.m in Sources */ = {isa = PBXBuildFile; fileRef = BFA1EEC9181ECD46000D3F45 /* ASAppDelegate.m */; };
		BFA1EECD181ECD46000D3F45 /* Main.storyboard in Resources */ = {isa = PBXBuildFile; fileRef = BFA1EECB181ECD46000D3F45 /* Main.storyboard */; };
		BFA1EED0181ECD46000D3F45 /* ASViewController.m in Sources */ = {isa = PBXBuildFile; fileRef = BFA1EECF181ECD46000D3F45 /* ASViewController.m */; };
		BFA1EED2181ECD46000D3F45 /* Images.xcassets in Resources */ = {isa = PBXBuildFile; fileRef = BFA1EED1181ECD46000D3F45 /* Images.xcassets */; };
		BFA1EED9181ECD46000D3F45 /* XCTest.framework in Frameworks */ = {isa = PBXBuildFile; fileRef = BFA1EED8181ECD46000D3F45 /* XCTest.framework */; };
		BFA1EEDA181ECD46000D3F45 /* Foundation.framework in Frameworks */ = {isa = PBXBuildFile; fileRef = BFA1EEB9181ECD46000D3F45 /* Foundation.framework */; };
		BFA1EEDB181ECD46000D3F45 /* UIKit.framework in Frameworks */ = {isa = PBXBuildFile; fileRef = BFA1EEBD181ECD46000D3F45 /* UIKit.framework */; };
		BFA1EEE3181ECD46000D3F45 /* InfoPlist.strings in Resources */ = {isa = PBXBuildFile; fileRef = BFA1EEE1181ECD46000D3F45 /* InfoPlist.strings */; };
		BFA1EEE5181ECD46000D3F45 /* AutolayoutIos_Tests.m in Sources */ = {isa = PBXBuildFile; fileRef = BFA1EEE4181ECD46000D3F45 /* AutolayoutIos_Tests.m */; };
/* End PBXBuildFile section */

/* Begin PBXContainerItemProxy section */
		BFA1EEDC181ECD46000D3F45 /* PBXContainerItemProxy */ = {
			isa = PBXContainerItemProxy;
			containerPortal = BFA1EEAE181ECD46000D3F45 /* Project object */;
			proxyType = 1;
			remoteGlobalIDString = BFA1EEB5181ECD46000D3F45;
			remoteInfo = "AutolayoutIos'";
		};
/* End PBXContainerItemProxy section */

/* Begin PBXFileReference section */
		BFA1EEB6181ECD46000D3F45 /* AutolayoutIos'.app */ = {isa = PBXFileReference; explicitFileType = wrapper.application; includeInIndex = 0; path = "AutolayoutIos'.app"; sourceTree = BUILT_PRODUCTS_DIR; };
		BFA1EEB9181ECD46000D3F45 /* Foundation.framework */ = {isa = PBXFileReference; lastKnownFileType = wrapper.framework; name = Foundation.framework; path = System/Library/Frameworks/Foundation.framework; sourceTree = SDKROOT; };
		BFA1EEBB181ECD46000D3F45 /* CoreGraphics.framework */ = {isa = PBXFileReference; lastKnownFileType = wrapper.framework; name = CoreGraphics.framework; path = System/Library/Frameworks/CoreGraphics.framework; sourceTree = SDKROOT; };
		BFA1EEBD181ECD46000D3F45 /* UIKit.framework */ = {isa = PBXFileReference; lastKnownFileType = wrapper.framework; name = UIKit.framework; path = System/Library/Frameworks/UIKit.framework; sourceTree = SDKROOT; };
		BFA1EEC1181ECD46000D3F45 /* AutolayoutIos'-Info.plist */ = {isa = PBXFileReference; lastKnownFileType = text.plist.xml; path = "AutolayoutIos'-Info.plist"; sourceTree = "<group>"; };
		BFA1EEC3181ECD46000D3F45 /* en */ = {isa = PBXFileReference; lastKnownFileType = text.plist.strings; name = en; path = en.lproj/InfoPlist.strings; sourceTree = "<group>"; };
		BFA1EEC5181ECD46000D3F45 /* main.m */ = {isa = PBXFileReference; lastKnownFileType = sourcecode.c.objc; path = main.m; sourceTree = "<group>"; };
		BFA1EEC7181ECD46000D3F45 /* AutolayoutIos'-Prefix.pch */ = {isa = PBXFileReference; lastKnownFileType = sourcecode.c.h; path = "AutolayoutIos'-Prefix.pch"; sourceTree = "<group>"; };
		BFA1EEC8181ECD46000D3F45 /* ASAppDelegate.h */ = {isa = PBXFileReference; lastKnownFileType = sourcecode.c.h; path = ASAppDelegate.h; sourceTree = "<group>"; };
		BFA1EEC9181ECD46000D3F45 /* ASAppDelegate.m */ = {isa = PBXFileReference; lastKnownFileType = sourcecode.c.objc; path = ASAppDelegate.m; sourceTree = "<group>"; };
		BFA1EECC181ECD46000D3F45 /* Base */ = {isa = PBXFileReference; lastKnownFileType = file.storyboard; name = Base; path = Base.lproj/Main.storyboard; sourceTree = "<group>"; };
		BFA1EECE181ECD46000D3F45 /* ASViewController.h */ = {isa = PBXFileReference; lastKnownFileType = sourcecode.c.h; path = ASViewController.h; sourceTree = "<group>"; };
		BFA1EECF181ECD46000D3F45 /* ASViewController.m */ = {isa = PBXFileReference; lastKnownFileType = sourcecode.c.objc; path = ASViewController.m; sourceTree = "<group>"; };
		BFA1EED1181ECD46000D3F45 /* Images.xcassets */ = {isa = PBXFileReference; lastKnownFileType = folder.assetcatalog; path = Images.xcassets; sourceTree = "<group>"; };
		BFA1EED7181ECD46000D3F45 /* AutolayoutIos'Tests.xctest */ = {isa = PBXFileReference; explicitFileType = wrapper.cfbundle; includeInIndex = 0; path = "AutolayoutIos'Tests.xctest"; sourceTree = BUILT_PRODUCTS_DIR; };
		BFA1EED8181ECD46000D3F45 /* XCTest.framework */ = {isa = PBXFileReference; lastKnownFileType = wrapper.framework; name = XCTest.framework; path = Library/Frameworks/XCTest.framework; sourceTree = DEVELOPER_DIR; };
		BFA1EEE0181ECD46000D3F45 /* AutolayoutIos'Tests-Info.plist */ = {isa = PBXFileReference; lastKnownFileType = text.plist.xml; path = "AutolayoutIos'Tests-Info.plist"; sourceTree = "<group>"; };
		BFA1EEE2181ECD46000D3F45 /* en */ = {isa = PBXFileReference; lastKnownFileType = text.plist.strings; name = en; path = en.lproj/InfoPlist.strings; sourceTree = "<group>"; };
		BFA1EEE4181ECD46000D3F45 /* AutolayoutIos_Tests.m */ = {isa = PBXFileReference; lastKnownFileType = sourcecode.c.objc; path = AutolayoutIos_Tests.m; sourceTree = "<group>"; };
/* End PBXFileReference section */

/* Begin PBXFrameworksBuildPhase section */
		BFA1EEB3181ECD46000D3F45 /* Frameworks */ = {
			isa = PBXFrameworksBuildPhase;
			buildActionMask = 2147483647;
			files = (
				BFA1EEBC181ECD46000D3F45 /* CoreGraphics.framework in Frameworks */,
				BFA1EEBE181ECD46000D3F45 /* UIKit.framework in Frameworks */,
				BFA1EEBA181ECD46000D3F45 /* Foundation.framework in Frameworks */,
			);
			runOnlyForDeploymentPostprocessing = 0;
		};
		BFA1EED4181ECD46000D3F45 /* Frameworks */ = {
			isa = PBXFrameworksBuildPhase;
			buildActionMask = 2147483647;
			files = (
				BFA1EED9181ECD46000D3F45 /* XCTest.framework in Frameworks */,
				BFA1EEDB181ECD46000D3F45 /* UIKit.framework in Frameworks */,
				BFA1EEDA181ECD46000D3F45 /* Foundation.framework in Frameworks */,
			);
			runOnlyForDeploymentPostprocessing = 0;
		};
/* End PBXFrameworksBuildPhase section */

/* Begin PBXGroup section */
		BFA1EEAD181ECD46000D3F45 = {
			isa = PBXGroup;
			children = (
				BFA1EEBF181ECD46000D3F45 /* AutolayoutIos' */,
				BFA1EEDE181ECD46000D3F45 /* AutolayoutIos'Tests */,
				BFA1EEB8181ECD46000D3F45 /* Frameworks */,
				BFA1EEB7181ECD46000D3F45 /* Products */,
			);
			sourceTree = "<group>";
		};
		BFA1EEB7181ECD46000D3F45 /* Products */ = {
			isa = PBXGroup;
			children = (
				BFA1EEB6181ECD46000D3F45 /* AutolayoutIos'.app */,
				BFA1EED7181ECD46000D3F45 /* AutolayoutIos'Tests.xctest */,
			);
			name = Products;
			sourceTree = "<group>";
		};
		BFA1EEB8181ECD46000D3F45 /* Frameworks */ = {
			isa = PBXGroup;
			children = (
				BFA1EEB9181ECD46000D3F45 /* Foundation.framework */,
				BFA1EEBB181ECD46000D3F45 /* CoreGraphics.framework */,
				BFA1EEBD181ECD46000D3F45 /* UIKit.framework */,
				BFA1EED8181ECD46000D3F45 /* XCTest.framework */,
			);
			name = Frameworks;
			sourceTree = "<group>";
		};
		BFA1EEBF181ECD46000D3F45 /* AutolayoutIos' */ = {
			isa = PBXGroup;
			children = (
				BFA1EEC8181ECD46000D3F45 /* ASAppDelegate.h */,
				BFA1EEC9181ECD46000D3F45 /* ASAppDelegate.m */,
				BFA1EECB181ECD46000D3F45 /* Main.storyboard */,
				BFA1EECE181ECD46000D3F45 /* ASViewController.h */,
				BFA1EECF181ECD46000D3F45 /* ASViewController.m */,
				BFA1EED1181ECD46000D3F45 /* Images.xcassets */,
				BFA1EEC0181ECD46000D3F45 /* Supporting Files */,
			);
			path = "AutolayoutIos'";
			sourceTree = "<group>";
		};
		BFA1EEC0181ECD46000D3F45 /* Supporting Files */ = {
			isa = PBXGroup;
			children = (
				BFA1EEC1181ECD46000D3F45 /* AutolayoutIos'-Info.plist */,
				BFA1EEC2181ECD46000D3F45 /* InfoPlist.strings */,
				BFA1EEC5181ECD46000D3F45 /* main.m */,
				BFA1EEC7181ECD46000D3F45 /* AutolayoutIos'-Prefix.pch */,
			);
			name = "Supporting Files";
			sourceTree = "<group>";
		};
		BFA1EEDE181ECD46000D3F45 /* AutolayoutIos'Tests */ = {
			isa = PBXGroup;
			children = (
				BFA1EEE4181ECD46000D3F45 /* AutolayoutIos_Tests.m */,
				BFA1EEDF181ECD46000D3F45 /* Supporting Files */,
			);
			path = "AutolayoutIos'Tests";
			sourceTree = "<group>";
		};
		BFA1EEDF181ECD46000D3F45 /* Supporting Files */ = {
			isa = PBXGroup;
			children = (
				BFA1EEE0181ECD46000D3F45 /* AutolayoutIos'Tests-Info.plist */,
				BFA1EEE1181ECD46000D3F45 /* InfoPlist.strings */,
			);
			name = "Supporting Files";
			sourceTree = "<group>";
		};
/* End PBXGroup section */

/* Begin PBXNativeTarget section */
		BFA1EEB5181ECD46000D3F45 /* AutolayoutIos' */ = {
			isa = PBXNativeTarget;
			buildConfigurationList = BFA1EEE8181ECD46000D3F45 /* Build configuration list for PBXNativeTarget "AutolayoutIos'" */;
			buildPhases = (
				BFA1EEB2181ECD46000D3F45 /* Sources */,
				BFA1EEB3181ECD46000D3F45 /* Frameworks */,
				BFA1EEB4181ECD46000D3F45 /* Resources */,
			);
			buildRules = (
			);
			dependencies = (
			);
			name = "AutolayoutIos'";
			productName = "AutolayoutIos'";
			productReference = BFA1EEB6181ECD46000D3F45 /* AutolayoutIos'.app */;
			productType = "com.apple.product-type.application";
		};
		BFA1EED6181ECD46000D3F45 /* AutolayoutIos'Tests */ = {
			isa = PBXNativeTarget;
			buildConfigurationList = BFA1EEEB181ECD46000D3F45 /* Build configuration list for PBXNativeTarget "AutolayoutIos'Tests" */;
			buildPhases = (
				BFA1EED3181ECD46000D3F45 /* Sources */,
				BFA1EED4181ECD46000D3F45 /* Frameworks */,
				BFA1EED5181ECD46000D3F45 /* Resources */,
			);
			buildRules = (
			);
			dependencies = (
				BFA1EEDD181ECD46000D3F45 /* PBXTargetDependency */,
			);
			name = "AutolayoutIos'Tests";
			productName = "AutolayoutIos'Tests";
			productReference = BFA1EED7181ECD46000D3F45 /* AutolayoutIos'Tests.xctest */;
			productType = "com.apple.product-type.bundle.unit-test";
		};
/* End PBXNativeTarget section */

/* Begin PBXProject section */
		BFA1EEAE181ECD46000D3F45 /* Project object */ = {
			isa = PBXProject;
			attributes = {
				CLASSPREFIX = AS;
				LastUpgradeCheck = 0500;
				ORGANIZATIONNAME = kaka09;
				TargetAttributes = {
					BFA1EED6181ECD46000D3F45 = {
						TestTargetID = BFA1EEB5181ECD46000D3F45;
					};
				};
			};
			buildConfigurationList = BFA1EEB1181ECD46000D3F45 /* Build configuration list for PBXProject "AutolayoutIos'" */;
			compatibilityVersion = "Xcode 3.2";
			developmentRegion = English;
			hasScannedForEncodings = 0;
			knownRegions = (
				en,
				Base,
			);
			mainGroup = BFA1EEAD181ECD46000D3F45;
			productRefGroup = BFA1EEB7181ECD46000D3F45 /* Products */;
			projectDirPath = "";
			projectRoot = "";
			targets = (
				BFA1EEB5181ECD46000D3F45 /* AutolayoutIos' */,
				BFA1EED6181ECD46000D3F45 /* AutolayoutIos'Tests */,
			);
		};
/* End PBXProject section */

/* Begin PBXResourcesBuildPhase section */
		BFA1EEB4181ECD46000D3F45 /* Resources */ = {
			isa = PBXResourcesBuildPhase;
			buildActionMask = 2147483647;
			files = (
				BFA1EED2181ECD46000D3F45 /* Images.xcassets in Resources */,
				BFA1EEC4181ECD46000D3F45 /* InfoPlist.strings in Resources */,
				BFA1EECD181ECD46000D3F45 /* Main.storyboard in Resources */,
			);
			runOnlyForDeploymentPostprocessing = 0;
		};
		BFA1EED5181ECD46000D3F45 /* Resources */ = {
			isa = PBXResourcesBuildPhase;
			buildActionMask = 2147483647;
			files = (
				BFA1EEE3181ECD46000D3F45 /* InfoPlist.strings in Resources */,
			);
			runOnlyForDeploymentPostprocessing = 0;
		};
/* End PBXResourcesBuildPhase section */

/* Begin PBXSourcesBuildPhase section */
		BFA1EEB2181ECD46000D3F45 /* Sources */ = {
			isa = PBXSourcesBuildPhase;
			buildActionMask = 2147483647;
			files = (
				BFA1EECA181ECD46000D3F45 /* ASAppDelegate.m in Sources */,
				BFA1EED0181ECD46000D3F45 /* ASViewController.m in Sources */,
				BFA1EEC6181ECD46000D3F45 /* main.m in Sources */,
			);
			runOnlyForDeploymentPostprocessing = 0;
		};
		BFA1EED3181ECD46000D3F45 /* Sources */ = {
			isa = PBXSourcesBuildPhase;
			buildActionMask = 2147483647;
			files = (
				BFA1EEE5181ECD46000D3F45 /* AutolayoutIos_Tests.m in Sources */,
			);
			runOnlyForDeploymentPostprocessing = 0;
		};
/* End PBXSourcesBuildPhase section */

/* Begin PBXTargetDependency section */
		BFA1EEDD181ECD46000D3F45 /* PBXTargetDependency */ = {
			isa = PBXTargetDependency;
			target = BFA1EEB5181ECD46000D3F45 /* AutolayoutIos' */;
			targetProxy = BFA1EEDC181ECD46000D3F45 /* PBXContainerItemProxy */;
		};
/* End PBXTargetDependency section */

/* Begin PBXVariantGroup section */
		BFA1EEC2181ECD46000D3F45 /* InfoPlist.strings */ = {
			isa = PBXVariantGroup;
			children = (
				BFA1EEC3181ECD46000D3F45 /* en */,
			);
			name = InfoPlist.strings;
			sourceTree = "<group>";
		};
		BFA1EECB181ECD46000D3F45 /* Main.storyboard */ = {
			isa = PBXVariantGroup;
			children = (
				BFA1EECC181ECD46000D3F45 /* Base */,
			);
			name = Main.storyboard;
			sourceTree = "<group>";
		};
		BFA1EEE1181ECD46000D3F45 /* InfoPlist.strings */ = {
			isa = PBXVariantGroup;
			children = (
				BFA1EEE2181ECD46000D3F45 /* en */,
			);
			name = InfoPlist.strings;
			sourceTree = "<group>";
		};
/* End PBXVariantGroup section */

/* Begin XCBuildConfiguration section */
		BFA1EEE6181ECD46000D3F45 /* Debug */ = {
			isa = XCBuildConfiguration;
			buildSettings = {
				ALWAYS_SEARCH_USER_PATHS = NO;
				ARCHS = "$(ARCHS_STANDARD_INCLUDING_64_BIT)";
				CLANG_CXX_LANGUAGE_STANDARD = "gnu++0x";
				CLANG_CXX_LIBRARY = "libc++";
				CLANG_ENABLE_MODULES = YES;
				CLANG_ENABLE_OBJC_ARC = YES;
				CLANG_WARN_BOOL_CONVERSION = YES;
				CLANG_WARN_CONSTANT_CONVERSION = YES;
				CLANG_WARN_DIRECT_OBJC_ISA_USAGE = YES_ERROR;
				CLANG_WARN_EMPTY_BODY = YES;
				CLANG_WARN_ENUM_CONVERSION = YES;
				CLANG_WARN_INT_CONVERSION = YES;
				CLANG_WARN_OBJC_ROOT_CLASS = YES_ERROR;
				CLANG_WARN__DUPLICATE_METHOD_MATCH = YES;
				"CODE_SIGN_IDENTITY[sdk=iphoneos*]" = "iPhone Developer";
				COPY_PHASE_STRIP = NO;
				GCC_C_LANGUAGE_STANDARD = gnu99;
				GCC_DYNAMIC_NO_PIC = NO;
				GCC_OPTIMIZATION_LEVEL = 0;
				GCC_PREPROCESSOR_DEFINITIONS = (
					"DEBUG=1",
					"$(inherited)",
				);
				GCC_SYMBOLS_PRIVATE_EXTERN = NO;
				GCC_WARN_64_TO_32_BIT_CONVERSION = YES;
				GCC_WARN_ABOUT_RETURN_TYPE = YES_ERROR;
				GCC_WARN_UNDECLARED_SELECTOR = YES;
				GCC_WARN_UNINITIALIZED_AUTOS = YES;
				GCC_WARN_UNUSED_FUNCTION = YES;
				GCC_WARN_UNUSED_VARIABLE = YES;
				IPHONEOS_DEPLOYMENT_TARGET = 7.0;
				ONLY_ACTIVE_ARCH = YES;
				SDKROOT = iphoneos;
			};
			name = Debug;
		};
		BFA1EEE7181ECD46000D3F45 /* Release */ = {
			isa = XCBuildConfiguration;
			buildSettings = {
				ALWAYS_SEARCH_USER_PATHS = NO;
				ARCHS = "$(ARCHS_STANDARD_INCLUDING_64_BIT)";
				CLANG_CXX_LANGUAGE_STANDARD = "gnu++0x";
				CLANG_CXX_LIBRARY = "libc++";
				CLANG_ENABLE_MODULES = YES;
				CLANG_ENABLE_OBJC_ARC = YES;
				CLANG_WARN_BOOL_CONVERSION = YES;
				CLANG_WARN_CONSTANT_CONVERSION = YES;
				CLANG_WARN_DIRECT_OBJC_ISA_USAGE = YES_ERROR;
				CLANG_WARN_EMPTY_BODY = YES;
				CLANG_WARN_ENUM_CONVERSION = YES;
				CLANG_WARN_INT_CONVERSION = YES;
				CLANG_WARN_OBJC_ROOT_CLASS = YES_ERROR;
				CLANG_WARN__DUPLICATE_METHOD_MATCH = YES;
				"CODE_SIGN_IDENTITY[sdk=iphoneos*]" = "iPhone Developer";
				COPY_PHASE_STRIP = YES;
				ENABLE_NS_ASSERTIONS = NO;
				GCC_C_LANGUAGE_STANDARD = gnu99;
				GCC_WARN_64_TO_32_BIT_CONVERSION = YES;
				GCC_WARN_ABOUT_RETURN_TYPE = YES_ERROR;
				GCC_WARN_UNDECLARED_SELECTOR = YES;
				GCC_WARN_UNINITIALIZED_AUTOS = YES;
				GCC_WARN_UNUSED_FUNCTION = YES;
				GCC_WARN_UNUSED_VARIABLE = YES;
				IPHONEOS_DEPLOYMENT_TARGET = 7.0;
				SDKROOT = iphoneos;
				VALIDATE_PRODUCT = YES;
			};
			name = Release;
		};
		BFA1EEE9181ECD46000D3F45 /* Debug */ = {
			isa = XCBuildConfiguration;
			buildSettings = {
				ASSETCATALOG_COMPILER_APPICON_NAME = AppIcon;
				ASSETCATALOG_COMPILER_LAUNCHIMAGE_NAME = LaunchImage;
				GCC_PRECOMPILE_PREFIX_HEADER = YES;
				GCC_PREFIX_HEADER = "AutolayoutIos'/AutolayoutIos'-Prefix.pch";
				INFOPLIST_FILE = "AutolayoutIos'/AutolayoutIos'-Info.plist";
				PRODUCT_NAME = "$(TARGET_NAME)";
				WRAPPER_EXTENSION = app;
			};
			name = Debug;
		};
		BFA1EEEA181ECD46000D3F45 /* Release */ = {
			isa = XCBuildConfiguration;
			buildSettings = {
				ASSETCATALOG_COMPILER_APPICON_NAME = AppIcon;
				ASSETCATALOG_COMPILER_LAUNCHIMAGE_NAME = LaunchImage;
				GCC_PRECOMPILE_PREFIX_HEADER = YES;
				GCC_PREFIX_HEADER = "AutolayoutIos'/AutolayoutIos'-Prefix.pch";
				INFOPLIST_FILE = "AutolayoutIos'/AutolayoutIos'-Info.plist";
				PRODUCT_NAME = "$(TARGET_NAME)";
				WRAPPER_EXTENSION = app;
			};
			name = Release;
		};
		BFA1EEEC181ECD46000D3F45 /* Debug */ = {
			isa = XCBuildConfiguration;
			buildSettings = {
				ARCHS = "$(ARCHS_STANDARD_INCLUDING_64_BIT)";
				BUNDLE_LOADER = "$(BUILT_PRODUCTS_DIR)/AutolayoutIos'.app/AutolayoutIos'";
				FRAMEWORK_SEARCH_PATHS = (
					"$(SDKROOT)/Developer/Library/Frameworks",
					"$(inherited)",
					"$(DEVELOPER_FRAMEWORKS_DIR)",
				);
				GCC_PRECOMPILE_PREFIX_HEADER = YES;
				GCC_PREFIX_HEADER = "AutolayoutIos'/AutolayoutIos'-Prefix.pch";
				GCC_PREPROCESSOR_DEFINITIONS = (
					"DEBUG=1",
					"$(inherited)",
				);
				INFOPLIST_FILE = "AutolayoutIos'Tests/AutolayoutIos'Tests-Info.plist";
				PRODUCT_NAME = "$(TARGET_NAME)";
				TEST_HOST = "$(BUNDLE_LOADER)";
				WRAPPER_EXTENSION = xctest;
			};
			name = Debug;
		};
		BFA1EEED181ECD46000D3F45 /* Release */ = {
			isa = XCBuildConfiguration;
			buildSettings = {
				ARCHS = "$(ARCHS_STANDARD_INCLUDING_64_BIT)";
				BUNDLE_LOADER = "$(BUILT_PRODUCTS_DIR)/AutolayoutIos'.app/AutolayoutIos'";
				FRAMEWORK_SEARCH_PATHS = (
					"$(SDKROOT)/Developer/Library/Frameworks",
					"$(inherited)",
					"$(DEVELOPER_FRAMEWORKS_DIR)",
				);
				GCC_PRECOMPILE_PREFIX_HEADER = YES;
				GCC_PREFIX_HEADER = "AutolayoutIos'/AutolayoutIos'-Prefix.pch";
				INFOPLIST_FILE = "AutolayoutIos'Tests/AutolayoutIos'Tests-Info.plist";
				PRODUCT_NAME = "$(TARGET_NAME)";
				TEST_HOST = "$(BUNDLE_LOADER)";
				WRAPPER_EXTENSION = xctest;
			};
			name = Release;
		};
/* End XCBuildConfiguration section */

/* Begin XCConfigurationList section */
		BFA1EEB1181ECD46000D3F45 /* Build configuration list for PBXProject "AutolayoutIos'" */ = {
			isa = XCConfigurationList;
			buildConfigurations = (
				BFA1EEE6181ECD46000D3F45 /* Debug */,
				BFA1EEE7181ECD46000D3F45 /* Release */,
			);
			defaultConfigurationIsVisible = 0;
			defaultConfigurationName = Release;
		};
		BFA1EEE8181ECD46000D3F45 /* Build configuration list for PBXNativeTarget "AutolayoutIos'" */ = {
			isa = XCConfigurationList;
			buildConfigurations = (
				BFA1EEE9181ECD46000D3F45 /* Debug */,
				BFA1EEEA181ECD46000D3F45 /* Release */,
			);
			defaultConfigurationIsVisible = 0;
		};
		BFA1EEEB181ECD46000D3F45 /* Build configuration list for PBXNativeTarget "AutolayoutIos'Tests" */ = {
			isa = XCConfigurationList;
			buildConfigurations = (
				BFA1EEEC181ECD46000D3F45 /* Debug */,
				BFA1EEED181ECD46000D3F45 /* Release */,
			);
			defaultConfigurationIsVisible = 0;
		};
/* End XCConfigurationList section */
	};
	rootObject = BFA1EEAE181ECD46000D3F45 /* Project object */;
}
